# This file is automatically @generated by Poetry 1.8.2 and should not be changed by hand.

[[package]]
name = "rxpy"
version = "0.1.0"
description = "A Regular Expression Library for Python"
optional = false
python-versions = "*"
files = [
    {file = "RXPY-0.1.0.tar.gz", hash = "sha256:c26978f66219140844f2c2eb1c1b689bc40fa78da354fe42c160141ed68eb3a4"},
    {file = "RXPY-0.1.0.zip", hash = "sha256:add79ae727155a056f6de35c488fcf64c1a40df28c12d29593f4fc43c80fddbc"},
]

[[package]]
name = "thespian"
version = "3.10.7"
description = "Python Actor concurrency library"
optional = false
python-versions = "*"
files = [
    {file = "thespian-3.10.7.zip", hash = "sha256:1dc1ef66d32906d357abd629d9ac9e1d3b887fb8290546fac59aa368409b7e0a"},
]

[metadata]
lock-version = "2.0"
python-versions = "^3.10"
content-hash = "21d844845743af6e36fc4830c2ad2f4357315d87b5200cb6679c61c6a6697020"
